
Microsoft Visual Studio Solution File, Format Version 12.00
Project("{FAE04EC0-301F-11D3-BF4B-00C04F79EFBC}") = "CSharp8.Features", "CSharp8.Features.csproj", "{DD248F9A-B49B-43C3-96A8-253FD5F072DC}"
EndProject
Global
	GlobalSection(SolutionConfigurationPlatforms) = preSolution
		Debug|Any CPU = Debug|Any CPU
		Release|Any CPU = Release|Any CPU
	EndGlobalSection
	GlobalSection(ProjectConfigurationPlatforms) = postSolution
		{DD248F9A-B49B-43C3-96A8-253FD5F072DC}.Debug|Any CPU.ActiveCfg = Debug|Any CPU
		{DD248F9A-B49B-43C3-96A8-253FD5F072DC}.Debug|Any CPU.Build.0 = Debug|Any CPU
		{DD248F9A-B49B-43C3-96A8-253FD5F072DC}.Release|Any CPU.ActiveCfg = Release|Any CPU
		{DD248F9A-B49B-43C3-96A8-253FD5F072DC}.Release|Any CPU.Build.0 = Release|Any CPU
	EndGlobalSection
EndGlobal
